
Microsoft Visual Studio Solution File, Format Version 12.00
# Visual Studio Version 16
VisualStudioVersion = 16.0.29123.88
MinimumVisualStudioVersion = 10.0.40219.1
Project("{FAE04EC0-301F-11D3-BF4B-00C04F79EFBC}") = "PresentationLayer", "UPVC_Inventory\PresentationLayer.csproj", "{3ECED1D1-E50A-436A-94AA-5879950B81D9}"
EndProject
Project("{FAE04EC0-301F-11D3-BF4B-00C04F79EFBC}") = "DataLinkLayer", "DataLinkLayer\DataLinkLayer.csproj", "{8858422A-0C53-4609-827C-451DBE9343EB}"
EndProject
Project("{FAE04EC0-301F-11D3-BF4B-00C04F79EFBC}") = "LogicLayer", "LogicLayer\LogicLayer.csproj", "{49D3BE7D-C993-4F97-8955-9B9677B80E34}"
EndProject
Global
	GlobalSection(SolutionConfigurationPlatforms) = preSolution
		Debug|Any CPU = Debug|Any CPU
		Release|Any CPU = Release|Any CPU
	EndGlobalSection
	GlobalSection(ProjectConfigurationPlatforms) = postSolution
		{3ECED1D1-E50A-436A-94AA-5879950B81D9}.Debug|Any CPU.ActiveCfg = Debug|Any CPU
		{3ECED1D1-E50A-436A-94AA-5879950B81D9}.Debug|Any CPU.Build.0 = Debug|Any CPU
		{3ECED1D1-E50A-436A-94AA-5879950B81D9}.Release|Any CPU.ActiveCfg = Release|Any CPU
		{3ECED1D1-E50A-436A-94AA-5879950B81D9}.Release|Any CPU.Build.0 = Release|Any CPU
		{8858422A-0C53-4609-827C-451DBE9343EB}.Debug|Any CPU.ActiveCfg = Debug|Any CPU
		{8858422A-0C53-4609-827C-451DBE9343EB}.Debug|Any CPU.Build.0 = Debug|Any CPU
		{8858422A-0C53-4609-827C-451DBE9343EB}.Release|Any CPU.ActiveCfg = Release|Any CPU
		{8858422A-0C53-4609-827C-451DBE9343EB}.Release|Any CPU.Build.0 = Release|Any CPU
		{49D3BE7D-C993-4F97-8955-9B9677B80E34}.Debug|Any CPU.ActiveCfg = Debug|Any CPU
		{49D3BE7D-C993-4F97-8955-9B9677B80E34}.Debug|Any CPU.Build.0 = Debug|Any CPU
		{49D3BE7D-C993-4F97-8955-9B9677B80E34}.Release|Any CPU.ActiveCfg = Release|Any CPU
		{49D3BE7D-C993-4F97-8955-9B9677B80E34}.Release|Any CPU.Build.0 = Release|Any CPU
	EndGlobalSection
	GlobalSection(SolutionProperties) = preSolution
		HideSolutionNode = FALSE
	EndGlobalSection
	GlobalSection(ExtensibilityGlobals) = postSolution
		SolutionGuid = {D643F9A4-ADC5-48D0-BD75-E68A3AD610F2}
	EndGlobalSection
EndGlobal
